
Microsoft Visual Studio Solution File, Format Version 12.00
# Visual Studio Version 17
VisualStudioVersion = 17.11.35327.3
MinimumVisualStudioVersion = 10.0.40219.1
Project("{FAE04EC0-301F-11D3-BF4B-00C04F79EFBC}") = "MPilonQGame", "MPilonQGame.csproj", "{7764448E-52CF-40CD-9947-932AEB37DB1A}"
EndProject
Global
	GlobalSection(SolutionConfigurationPlatforms) = preSolution
		Debug|Any CPU = Debug|Any CPU
		Release|Any CPU = Release|Any CPU
	EndGlobalSection
	GlobalSection(ProjectConfigurationPlatforms) = postSolution
		{7764448E-52CF-40CD-9947-932AEB37DB1A}.Debug|Any CPU.ActiveCfg = Debug|Any CPU
		{7764448E-52CF-40CD-9947-932AEB37DB1A}.Debug|Any CPU.Build.0 = Debug|Any CPU
		{7764448E-52CF-40CD-9947-932AEB37DB1A}.Release|Any CPU.ActiveCfg = Release|Any CPU
		{7764448E-52CF-40CD-9947-932AEB37DB1A}.Release|Any CPU.Build.0 = Release|Any CPU
	EndGlobalSection
	GlobalSection(SolutionProperties) = preSolution
		HideSolutionNode = FALSE
	EndGlobalSection
	GlobalSection(ExtensibilityGlobals) = postSolution
		SolutionGuid = {3A1C0475-F797-4590-A890-F603AAC1C2E7}
	EndGlobalSection
EndGlobal
